
Microsoft Visual Studio Solution File, Format Version 12.00
# Visual Studio 15
VisualStudioVersion = 15.0.27703.2035
MinimumVisualStudioVersion = 10.0.40219.1
Project("{FAE04EC0-301F-11D3-BF4B-00C04F79EFBC}") = "WebApi", "WebApi\WebApi.csproj", "{A1477464-D87D-4A2C-AF00-6C47CDE85051}"
EndProject
Project("{FAE04EC0-301F-11D3-BF4B-00C04F79EFBC}") = "Core", "..\Core\Core.csproj", "{35455EB4-871A-43A5-B97A-61A29317CA47}"
EndProject
Project("{FAE04EC0-301F-11D3-BF4B-00C04F79EFBC}") = "Infrastructure", "Infrastructure\Infrastructure.csproj", "{3A42DF46-8C49-44F2-8BD2-D47A786432BA}"
EndProject
Project("{FAE04EC0-301F-11D3-BF4B-00C04F79EFBC}") = "Services", "Services\Services.csproj", "{50EFD585-6E20-447E-BEE5-98BB113E0AE3}"
EndProject
Global
	GlobalSection(SolutionConfigurationPlatforms) = preSolution
		Debug|Any CPU = Debug|Any CPU
		Release|Any CPU = Release|Any CPU
	EndGlobalSection
	GlobalSection(ProjectConfigurationPlatforms) = postSolution
		{A1477464-D87D-4A2C-AF00-6C47CDE85051}.Debug|Any CPU.ActiveCfg = Debug|Any CPU
		{A1477464-D87D-4A2C-AF00-6C47CDE85051}.Debug|Any CPU.Build.0 = Debug|Any CPU
		{A1477464-D87D-4A2C-AF00-6C47CDE85051}.Release|Any CPU.ActiveCfg = Release|Any CPU
		{A1477464-D87D-4A2C-AF00-6C47CDE85051}.Release|Any CPU.Build.0 = Release|Any CPU
		{35455EB4-871A-43A5-B97A-61A29317CA47}.Debug|Any CPU.ActiveCfg = Debug|Any CPU
		{35455EB4-871A-43A5-B97A-61A29317CA47}.Debug|Any CPU.Build.0 = Debug|Any CPU
		{35455EB4-871A-43A5-B97A-61A29317CA47}.Release|Any CPU.ActiveCfg = Release|Any CPU
		{35455EB4-871A-43A5-B97A-61A29317CA47}.Release|Any CPU.Build.0 = Release|Any CPU
		{3A42DF46-8C49-44F2-8BD2-D47A786432BA}.Debug|Any CPU.ActiveCfg = Debug|Any CPU
		{3A42DF46-8C49-44F2-8BD2-D47A786432BA}.Debug|Any CPU.Build.0 = Debug|Any CPU
		{3A42DF46-8C49-44F2-8BD2-D47A786432BA}.Release|Any CPU.ActiveCfg = Release|Any CPU
		{3A42DF46-8C49-44F2-8BD2-D47A786432BA}.Release|Any CPU.Build.0 = Release|Any CPU
		{50EFD585-6E20-447E-BEE5-98BB113E0AE3}.Debug|Any CPU.ActiveCfg = Debug|Any CPU
		{50EFD585-6E20-447E-BEE5-98BB113E0AE3}.Debug|Any CPU.Build.0 = Debug|Any CPU
		{50EFD585-6E20-447E-BEE5-98BB113E0AE3}.Release|Any CPU.ActiveCfg = Release|Any CPU
		{50EFD585-6E20-447E-BEE5-98BB113E0AE3}.Release|Any CPU.Build.0 = Release|Any CPU
	EndGlobalSection
	GlobalSection(SolutionProperties) = preSolution
		HideSolutionNode = FALSE
	EndGlobalSection
	GlobalSection(ExtensibilityGlobals) = postSolution
		SolutionGuid = {81CE4E28-C62D-4AB3-AF9D-4F8B81A71C6F}
	EndGlobalSection
EndGlobal
